
Microsoft Visual Studio Solution File, Format Version 12.00
# Visual Studio Version 17
VisualStudioVersion = 17.4.33205.214
MinimumVisualStudioVersion = 10.0.40219.1
Project("{9A19103F-16F7-4668-BE54-9A1E7A4F7556}") = "ALAExample", "ALAExample.csproj", "{8225E7E7-9CF6-4816-A02C-33B4E7C2BD3F}"
EndProject
Global
	GlobalSection(SolutionConfigurationPlatforms) = preSolution
		Debug|Any CPU = Debug|Any CPU
		Release|Any CPU = Release|Any CPU
	EndGlobalSection
	GlobalSection(ProjectConfigurationPlatforms) = postSolution
		{8225E7E7-9CF6-4816-A02C-33B4E7C2BD3F}.Debug|Any CPU.ActiveCfg = Debug|Any CPU
		{8225E7E7-9CF6-4816-A02C-33B4E7C2BD3F}.Debug|Any CPU.Build.0 = Debug|Any CPU
		{8225E7E7-9CF6-4816-A02C-33B4E7C2BD3F}.Release|Any CPU.ActiveCfg = Release|Any CPU
		{8225E7E7-9CF6-4816-A02C-33B4E7C2BD3F}.Release|Any CPU.Build.0 = Release|Any CPU
	EndGlobalSection
	GlobalSection(SolutionProperties) = preSolution
		HideSolutionNode = FALSE
	EndGlobalSection
	GlobalSection(ExtensibilityGlobals) = postSolution
		SolutionGuid = {589EC586-1096-4E80-A7B8-DAAEFFF37C64}
	EndGlobalSection
EndGlobal
