
Microsoft Visual Studio Solution File, Format Version 12.00
# Visual Studio Version 16
VisualStudioVersion = 16.0.29519.87
MinimumVisualStudioVersion = 10.0.40219.1
Project("{FAE04EC0-301F-11D3-BF4B-00C04F79EFBC}") = "ALAExample", "ALAExample.csproj", "{4770ECD3-A732-493E-9B56-97D0EC90B2A6}"
EndProject
Global
	GlobalSection(SolutionConfigurationPlatforms) = preSolution
		Debug|Any CPU = Debug|Any CPU
		Debug|x64 = Debug|x64
		Debug|x86 = Debug|x86
		Installer|Any CPU = Installer|Any CPU
		Installer|x64 = Installer|x64
		Installer|x86 = Installer|x86
		Release|Any CPU = Release|Any CPU
		Release|x64 = Release|x64
		Release|x86 = Release|x86
		UnitTesting|Any CPU = UnitTesting|Any CPU
		UnitTesting|x64 = UnitTesting|x64
		UnitTesting|x86 = UnitTesting|x86
	EndGlobalSection
	GlobalSection(ProjectConfigurationPlatforms) = postSolution
		{4770ECD3-A732-493E-9B56-97D0EC90B2A6}.Debug|Any CPU.ActiveCfg = Debug|Any CPU
		{4770ECD3-A732-493E-9B56-97D0EC90B2A6}.Debug|Any CPU.Build.0 = Debug|Any CPU
		{4770ECD3-A732-493E-9B56-97D0EC90B2A6}.Debug|x64.ActiveCfg = Debug|Any CPU
		{4770ECD3-A732-493E-9B56-97D0EC90B2A6}.Debug|x64.Build.0 = Debug|Any CPU
		{4770ECD3-A732-493E-9B56-97D0EC90B2A6}.Debug|x86.ActiveCfg = Debug|Any CPU
		{4770ECD3-A732-493E-9B56-97D0EC90B2A6}.Debug|x86.Build.0 = Debug|Any CPU
		{4770ECD3-A732-493E-9B56-97D0EC90B2A6}.Installer|Any CPU.ActiveCfg = Release|Any CPU
		{4770ECD3-A732-493E-9B56-97D0EC90B2A6}.Installer|Any CPU.Build.0 = Release|Any CPU
		{4770ECD3-A732-493E-9B56-97D0EC90B2A6}.Installer|x64.ActiveCfg = Release|Any CPU
		{4770ECD3-A732-493E-9B56-97D0EC90B2A6}.Installer|x64.Build.0 = Release|Any CPU
		{4770ECD3-A732-493E-9B56-97D0EC90B2A6}.Installer|x86.ActiveCfg = Release|Any CPU
		{4770ECD3-A732-493E-9B56-97D0EC90B2A6}.Installer|x86.Build.0 = Release|Any CPU
		{4770ECD3-A732-493E-9B56-97D0EC90B2A6}.Release|Any CPU.ActiveCfg = Release|Any CPU
		{4770ECD3-A732-493E-9B56-97D0EC90B2A6}.Release|Any CPU.Build.0 = Release|Any CPU
		{4770ECD3-A732-493E-9B56-97D0EC90B2A6}.Release|x64.ActiveCfg = Release|Any CPU
		{4770ECD3-A732-493E-9B56-97D0EC90B2A6}.Release|x64.Build.0 = Release|Any CPU
		{4770ECD3-A732-493E-9B56-97D0EC90B2A6}.Release|x86.ActiveCfg = Release|Any CPU
		{4770ECD3-A732-493E-9B56-97D0EC90B2A6}.Release|x86.Build.0 = Release|Any CPU
		{4770ECD3-A732-493E-9B56-97D0EC90B2A6}.UnitTesting|Any CPU.ActiveCfg = Release|Any CPU
		{4770ECD3-A732-493E-9B56-97D0EC90B2A6}.UnitTesting|Any CPU.Build.0 = Release|Any CPU
		{4770ECD3-A732-493E-9B56-97D0EC90B2A6}.UnitTesting|x64.ActiveCfg = Release|Any CPU
		{4770ECD3-A732-493E-9B56-97D0EC90B2A6}.UnitTesting|x64.Build.0 = Release|Any CPU
		{4770ECD3-A732-493E-9B56-97D0EC90B2A6}.UnitTesting|x86.ActiveCfg = Release|Any CPU
		{4770ECD3-A732-493E-9B56-97D0EC90B2A6}.UnitTesting|x86.Build.0 = Release|Any CPU
	EndGlobalSection
	GlobalSection(SolutionProperties) = preSolution
		HideSolutionNode = FALSE
	EndGlobalSection
	GlobalSection(ExtensibilityGlobals) = postSolution
		SolutionGuid = {890FA752-0999-4B32-9FBB-705225BA908B}
	EndGlobalSection
EndGlobal
