
Microsoft Visual Studio Solution File, Format Version 12.00
# Visual Studio Version 16
VisualStudioVersion = 16.0.29519.87
MinimumVisualStudioVersion = 10.0.40219.1
Project("{FAE04EC0-301F-11D3-BF4B-00C04F79EFBC}") = "DataLink_ALA", "DataLink_ALA.csproj", "{4770ECD3-A732-493E-9B56-97D0EC90B2A6}"
EndProject
Project("{FAE04EC0-301F-11D3-BF4B-00C04F79EFBC}") = "TruTest.Comms", "..\TruTest.Comms\TruTest.Comms\TruTest.Comms.csproj", "{C4083501-1132-408C-AADF-4D45BE111F3E}"
EndProject
Project("{FAE04EC0-301F-11D3-BF4B-00C04F79EFBC}") = "UnitTestDataLink", "..\UnitTestDataLink\UnitTestDataLink.csproj", "{0D84EE86-0FE6-45FB-A25B-87BB35048A7E}"
	ProjectSection(ProjectDependencies) = postProject
		{C4083501-1132-408C-AADF-4D45BE111F3E} = {C4083501-1132-408C-AADF-4D45BE111F3E}
		{4770ECD3-A732-493E-9B56-97D0EC90B2A6} = {4770ECD3-A732-493E-9B56-97D0EC90B2A6}
	EndProjectSection
EndProject
Project("{FAE04EC0-301F-11D3-BF4B-00C04F79EFBC}") = "UnitTestDataLinkWindow", "..\UnitTestDataLinkWindow\UnitTestDataLinkWindow.csproj", "{74205F2C-B91D-4C35-B9D8-88E978115758}"
EndProject
Project("{9A19103F-16F7-4668-BE54-9A1E7A4F7556}") = "NUnitTestDataLink", "..\NUnitTestDataLink\NUnitTestDataLink.csproj", "{C582633E-90ED-4FE8-936E-D073685D7B06}"
EndProject
Project("{FAE04EC0-301F-11D3-BF4B-00C04F79EFBC}") = "XMindParser", "..\XMindParser\XMindParser.csproj", "{B0A95516-4B53-4122-94F4-10A6A6F5C7D9}"
EndProject
Project("{FAE04EC0-301F-11D3-BF4B-00C04F79EFBC}") = "UpgradeXrsFirmware", "..\UpgradeXrsFirmware\UpgradeXrsFirmware.csproj", "{6C335658-838C-4283-8C84-466371192DB6}"
EndProject
Project("{54435603-DBB4-11D2-8724-00A0C9A8B90C}") = "DataLink_Installer", "..\DataLink_Installer\DataLink_Installer.vdproj", "{539CB1A3-73DF-4EF9-B807-E6AA7D4CDEDB}"
EndProject
Global
	GlobalSection(SolutionConfigurationPlatforms) = preSolution
		Debug|Any CPU = Debug|Any CPU
		Debug|x64 = Debug|x64
		Debug|x86 = Debug|x86
		Installer|Any CPU = Installer|Any CPU
		Installer|x64 = Installer|x64
		Installer|x86 = Installer|x86
		Release|Any CPU = Release|Any CPU
		Release|x64 = Release|x64
		Release|x86 = Release|x86
		UnitTesting|Any CPU = UnitTesting|Any CPU
		UnitTesting|x64 = UnitTesting|x64
		UnitTesting|x86 = UnitTesting|x86
	EndGlobalSection
	GlobalSection(ProjectConfigurationPlatforms) = postSolution
		{4770ECD3-A732-493E-9B56-97D0EC90B2A6}.Debug|Any CPU.ActiveCfg = Debug|Any CPU
		{4770ECD3-A732-493E-9B56-97D0EC90B2A6}.Debug|Any CPU.Build.0 = Debug|Any CPU
		{4770ECD3-A732-493E-9B56-97D0EC90B2A6}.Debug|x64.ActiveCfg = Debug|Any CPU
		{4770ECD3-A732-493E-9B56-97D0EC90B2A6}.Debug|x64.Build.0 = Debug|Any CPU
		{4770ECD3-A732-493E-9B56-97D0EC90B2A6}.Debug|x86.ActiveCfg = Debug|Any CPU
		{4770ECD3-A732-493E-9B56-97D0EC90B2A6}.Debug|x86.Build.0 = Debug|Any CPU
		{4770ECD3-A732-493E-9B56-97D0EC90B2A6}.Installer|Any CPU.ActiveCfg = Release|Any CPU
		{4770ECD3-A732-493E-9B56-97D0EC90B2A6}.Installer|Any CPU.Build.0 = Release|Any CPU
		{4770ECD3-A732-493E-9B56-97D0EC90B2A6}.Installer|x64.ActiveCfg = Release|Any CPU
		{4770ECD3-A732-493E-9B56-97D0EC90B2A6}.Installer|x64.Build.0 = Release|Any CPU
		{4770ECD3-A732-493E-9B56-97D0EC90B2A6}.Installer|x86.ActiveCfg = Release|Any CPU
		{4770ECD3-A732-493E-9B56-97D0EC90B2A6}.Installer|x86.Build.0 = Release|Any CPU
		{4770ECD3-A732-493E-9B56-97D0EC90B2A6}.Release|Any CPU.ActiveCfg = Release|Any CPU
		{4770ECD3-A732-493E-9B56-97D0EC90B2A6}.Release|Any CPU.Build.0 = Release|Any CPU
		{4770ECD3-A732-493E-9B56-97D0EC90B2A6}.Release|x64.ActiveCfg = Release|Any CPU
		{4770ECD3-A732-493E-9B56-97D0EC90B2A6}.Release|x64.Build.0 = Release|Any CPU
		{4770ECD3-A732-493E-9B56-97D0EC90B2A6}.Release|x86.ActiveCfg = Release|Any CPU
		{4770ECD3-A732-493E-9B56-97D0EC90B2A6}.Release|x86.Build.0 = Release|Any CPU
		{4770ECD3-A732-493E-9B56-97D0EC90B2A6}.UnitTesting|Any CPU.ActiveCfg = Release|Any CPU
		{4770ECD3-A732-493E-9B56-97D0EC90B2A6}.UnitTesting|Any CPU.Build.0 = Release|Any CPU
		{4770ECD3-A732-493E-9B56-97D0EC90B2A6}.UnitTesting|x64.ActiveCfg = Release|Any CPU
		{4770ECD3-A732-493E-9B56-97D0EC90B2A6}.UnitTesting|x64.Build.0 = Release|Any CPU
		{4770ECD3-A732-493E-9B56-97D0EC90B2A6}.UnitTesting|x86.ActiveCfg = Release|Any CPU
		{4770ECD3-A732-493E-9B56-97D0EC90B2A6}.UnitTesting|x86.Build.0 = Release|Any CPU
		{C4083501-1132-408C-AADF-4D45BE111F3E}.Debug|Any CPU.ActiveCfg = Debug|Any CPU
		{C4083501-1132-408C-AADF-4D45BE111F3E}.Debug|Any CPU.Build.0 = Debug|Any CPU
		{C4083501-1132-408C-AADF-4D45BE111F3E}.Debug|x64.ActiveCfg = Debug|Any CPU
		{C4083501-1132-408C-AADF-4D45BE111F3E}.Debug|x64.Build.0 = Debug|Any CPU
		{C4083501-1132-408C-AADF-4D45BE111F3E}.Debug|x86.ActiveCfg = Debug|Any CPU
		{C4083501-1132-408C-AADF-4D45BE111F3E}.Debug|x86.Build.0 = Debug|Any CPU
		{C4083501-1132-408C-AADF-4D45BE111F3E}.Installer|Any CPU.ActiveCfg = Installer|Any CPU
		{C4083501-1132-408C-AADF-4D45BE111F3E}.Installer|Any CPU.Build.0 = Installer|Any CPU
		{C4083501-1132-408C-AADF-4D45BE111F3E}.Installer|x64.ActiveCfg = Installer|Any CPU
		{C4083501-1132-408C-AADF-4D45BE111F3E}.Installer|x64.Build.0 = Installer|Any CPU
		{C4083501-1132-408C-AADF-4D45BE111F3E}.Installer|x86.ActiveCfg = Installer|Any CPU
		{C4083501-1132-408C-AADF-4D45BE111F3E}.Installer|x86.Build.0 = Installer|Any CPU
		{C4083501-1132-408C-AADF-4D45BE111F3E}.Release|Any CPU.ActiveCfg = Release|Any CPU
		{C4083501-1132-408C-AADF-4D45BE111F3E}.Release|Any CPU.Build.0 = Release|Any CPU
		{C4083501-1132-408C-AADF-4D45BE111F3E}.Release|x64.ActiveCfg = Release|Any CPU
		{C4083501-1132-408C-AADF-4D45BE111F3E}.Release|x64.Build.0 = Release|Any CPU
		{C4083501-1132-408C-AADF-4D45BE111F3E}.Release|x86.ActiveCfg = Release|Any CPU
		{C4083501-1132-408C-AADF-4D45BE111F3E}.Release|x86.Build.0 = Release|Any CPU
		{C4083501-1132-408C-AADF-4D45BE111F3E}.UnitTesting|Any CPU.ActiveCfg = Release|Any CPU
		{C4083501-1132-408C-AADF-4D45BE111F3E}.UnitTesting|Any CPU.Build.0 = Release|Any CPU
		{C4083501-1132-408C-AADF-4D45BE111F3E}.UnitTesting|x64.ActiveCfg = Release|Any CPU
		{C4083501-1132-408C-AADF-4D45BE111F3E}.UnitTesting|x64.Build.0 = Release|Any CPU
		{C4083501-1132-408C-AADF-4D45BE111F3E}.UnitTesting|x86.ActiveCfg = Release|Any CPU
		{C4083501-1132-408C-AADF-4D45BE111F3E}.UnitTesting|x86.Build.0 = Release|Any CPU
		{0D84EE86-0FE6-45FB-A25B-87BB35048A7E}.Debug|Any CPU.ActiveCfg = Debug|Any CPU
		{0D84EE86-0FE6-45FB-A25B-87BB35048A7E}.Debug|Any CPU.Build.0 = Debug|Any CPU
		{0D84EE86-0FE6-45FB-A25B-87BB35048A7E}.Debug|x64.ActiveCfg = Debug|Any CPU
		{0D84EE86-0FE6-45FB-A25B-87BB35048A7E}.Debug|x64.Build.0 = Debug|Any CPU
		{0D84EE86-0FE6-45FB-A25B-87BB35048A7E}.Debug|x86.ActiveCfg = Debug|Any CPU
		{0D84EE86-0FE6-45FB-A25B-87BB35048A7E}.Debug|x86.Build.0 = Debug|Any CPU
		{0D84EE86-0FE6-45FB-A25B-87BB35048A7E}.Installer|Any CPU.ActiveCfg = Release|Any CPU
		{0D84EE86-0FE6-45FB-A25B-87BB35048A7E}.Installer|Any CPU.Build.0 = Release|Any CPU
		{0D84EE86-0FE6-45FB-A25B-87BB35048A7E}.Installer|x64.ActiveCfg = Release|Any CPU
		{0D84EE86-0FE6-45FB-A25B-87BB35048A7E}.Installer|x64.Build.0 = Release|Any CPU
		{0D84EE86-0FE6-45FB-A25B-87BB35048A7E}.Installer|x86.ActiveCfg = Release|Any CPU
		{0D84EE86-0FE6-45FB-A25B-87BB35048A7E}.Installer|x86.Build.0 = Release|Any CPU
		{0D84EE86-0FE6-45FB-A25B-87BB35048A7E}.Release|Any CPU.ActiveCfg = Release|Any CPU
		{0D84EE86-0FE6-45FB-A25B-87BB35048A7E}.Release|Any CPU.Build.0 = Release|Any CPU
		{0D84EE86-0FE6-45FB-A25B-87BB35048A7E}.Release|x64.ActiveCfg = Release|Any CPU
		{0D84EE86-0FE6-45FB-A25B-87BB35048A7E}.Release|x64.Build.0 = Release|Any CPU
		{0D84EE86-0FE6-45FB-A25B-87BB35048A7E}.Release|x86.ActiveCfg = Release|Any CPU
		{0D84EE86-0FE6-45FB-A25B-87BB35048A7E}.Release|x86.Build.0 = Release|Any CPU
		{0D84EE86-0FE6-45FB-A25B-87BB35048A7E}.UnitTesting|Any CPU.ActiveCfg = Release|Any CPU
		{0D84EE86-0FE6-45FB-A25B-87BB35048A7E}.UnitTesting|Any CPU.Build.0 = Release|Any CPU
		{0D84EE86-0FE6-45FB-A25B-87BB35048A7E}.UnitTesting|x64.ActiveCfg = Release|Any CPU
		{0D84EE86-0FE6-45FB-A25B-87BB35048A7E}.UnitTesting|x64.Build.0 = Release|Any CPU
		{0D84EE86-0FE6-45FB-A25B-87BB35048A7E}.UnitTesting|x86.ActiveCfg = Release|Any CPU
		{0D84EE86-0FE6-45FB-A25B-87BB35048A7E}.UnitTesting|x86.Build.0 = Release|Any CPU
		{74205F2C-B91D-4C35-B9D8-88E978115758}.Debug|Any CPU.ActiveCfg = Debug|Any CPU
		{74205F2C-B91D-4C35-B9D8-88E978115758}.Debug|Any CPU.Build.0 = Debug|Any CPU
		{74205F2C-B91D-4C35-B9D8-88E978115758}.Debug|x64.ActiveCfg = Debug|Any CPU
		{74205F2C-B91D-4C35-B9D8-88E978115758}.Debug|x64.Build.0 = Debug|Any CPU
		{74205F2C-B91D-4C35-B9D8-88E978115758}.Debug|x86.ActiveCfg = Debug|Any CPU
		{74205F2C-B91D-4C35-B9D8-88E978115758}.Debug|x86.Build.0 = Debug|Any CPU
		{74205F2C-B91D-4C35-B9D8-88E978115758}.Installer|Any CPU.ActiveCfg = Release|Any CPU
		{74205F2C-B91D-4C35-B9D8-88E978115758}.Installer|Any CPU.Build.0 = Release|Any CPU
		{74205F2C-B91D-4C35-B9D8-88E978115758}.Installer|x64.ActiveCfg = Release|Any CPU
		{74205F2C-B91D-4C35-B9D8-88E978115758}.Installer|x64.Build.0 = Release|Any CPU
		{74205F2C-B91D-4C35-B9D8-88E978115758}.Installer|x86.ActiveCfg = Release|Any CPU
		{74205F2C-B91D-4C35-B9D8-88E978115758}.Installer|x86.Build.0 = Release|Any CPU
		{74205F2C-B91D-4C35-B9D8-88E978115758}.Release|Any CPU.ActiveCfg = Release|Any CPU
		{74205F2C-B91D-4C35-B9D8-88E978115758}.Release|Any CPU.Build.0 = Release|Any CPU
		{74205F2C-B91D-4C35-B9D8-88E978115758}.Release|x64.ActiveCfg = Release|Any CPU
		{74205F2C-B91D-4C35-B9D8-88E978115758}.Release|x64.Build.0 = Release|Any CPU
		{74205F2C-B91D-4C35-B9D8-88E978115758}.Release|x86.ActiveCfg = Release|Any CPU
		{74205F2C-B91D-4C35-B9D8-88E978115758}.Release|x86.Build.0 = Release|Any CPU
		{74205F2C-B91D-4C35-B9D8-88E978115758}.UnitTesting|Any CPU.ActiveCfg = Release|Any CPU
		{74205F2C-B91D-4C35-B9D8-88E978115758}.UnitTesting|Any CPU.Build.0 = Release|Any CPU
		{74205F2C-B91D-4C35-B9D8-88E978115758}.UnitTesting|x64.ActiveCfg = Release|Any CPU
		{74205F2C-B91D-4C35-B9D8-88E978115758}.UnitTesting|x64.Build.0 = Release|Any CPU
		{74205F2C-B91D-4C35-B9D8-88E978115758}.UnitTesting|x86.ActiveCfg = Release|Any CPU
		{74205F2C-B91D-4C35-B9D8-88E978115758}.UnitTesting|x86.Build.0 = Release|Any CPU
		{C582633E-90ED-4FE8-936E-D073685D7B06}.Debug|Any CPU.ActiveCfg = Debug|Any CPU
		{C582633E-90ED-4FE8-936E-D073685D7B06}.Debug|Any CPU.Build.0 = Debug|Any CPU
		{C582633E-90ED-4FE8-936E-D073685D7B06}.Debug|x64.ActiveCfg = Debug|Any CPU
		{C582633E-90ED-4FE8-936E-D073685D7B06}.Debug|x64.Build.0 = Debug|Any CPU
		{C582633E-90ED-4FE8-936E-D073685D7B06}.Debug|x86.ActiveCfg = Debug|Any CPU
		{C582633E-90ED-4FE8-936E-D073685D7B06}.Debug|x86.Build.0 = Debug|Any CPU
		{C582633E-90ED-4FE8-936E-D073685D7B06}.Installer|Any CPU.ActiveCfg = Debug|Any CPU
		{C582633E-90ED-4FE8-936E-D073685D7B06}.Installer|Any CPU.Build.0 = Debug|Any CPU
		{C582633E-90ED-4FE8-936E-D073685D7B06}.Installer|x64.ActiveCfg = Release|Any CPU
		{C582633E-90ED-4FE8-936E-D073685D7B06}.Installer|x64.Build.0 = Release|Any CPU
		{C582633E-90ED-4FE8-936E-D073685D7B06}.Installer|x86.ActiveCfg = Release|Any CPU
		{C582633E-90ED-4FE8-936E-D073685D7B06}.Installer|x86.Build.0 = Release|Any CPU
		{C582633E-90ED-4FE8-936E-D073685D7B06}.Release|Any CPU.ActiveCfg = Release|Any CPU
		{C582633E-90ED-4FE8-936E-D073685D7B06}.Release|Any CPU.Build.0 = Release|Any CPU
		{C582633E-90ED-4FE8-936E-D073685D7B06}.Release|x64.ActiveCfg = Release|Any CPU
		{C582633E-90ED-4FE8-936E-D073685D7B06}.Release|x64.Build.0 = Release|Any CPU
		{C582633E-90ED-4FE8-936E-D073685D7B06}.Release|x86.ActiveCfg = Release|Any CPU
		{C582633E-90ED-4FE8-936E-D073685D7B06}.Release|x86.Build.0 = Release|Any CPU
		{C582633E-90ED-4FE8-936E-D073685D7B06}.UnitTesting|Any CPU.ActiveCfg = Release|Any CPU
		{C582633E-90ED-4FE8-936E-D073685D7B06}.UnitTesting|Any CPU.Build.0 = Release|Any CPU
		{C582633E-90ED-4FE8-936E-D073685D7B06}.UnitTesting|x64.ActiveCfg = Release|Any CPU
		{C582633E-90ED-4FE8-936E-D073685D7B06}.UnitTesting|x64.Build.0 = Release|Any CPU
		{C582633E-90ED-4FE8-936E-D073685D7B06}.UnitTesting|x86.ActiveCfg = Release|Any CPU
		{C582633E-90ED-4FE8-936E-D073685D7B06}.UnitTesting|x86.Build.0 = Release|Any CPU
		{B0A95516-4B53-4122-94F4-10A6A6F5C7D9}.Debug|Any CPU.ActiveCfg = Debug|Any CPU
		{B0A95516-4B53-4122-94F4-10A6A6F5C7D9}.Debug|Any CPU.Build.0 = Debug|Any CPU
		{B0A95516-4B53-4122-94F4-10A6A6F5C7D9}.Debug|x64.ActiveCfg = Debug|Any CPU
		{B0A95516-4B53-4122-94F4-10A6A6F5C7D9}.Debug|x64.Build.0 = Debug|Any CPU
		{B0A95516-4B53-4122-94F4-10A6A6F5C7D9}.Debug|x86.ActiveCfg = Debug|Any CPU
		{B0A95516-4B53-4122-94F4-10A6A6F5C7D9}.Debug|x86.Build.0 = Debug|Any CPU
		{B0A95516-4B53-4122-94F4-10A6A6F5C7D9}.Installer|Any CPU.ActiveCfg = Release|Any CPU
		{B0A95516-4B53-4122-94F4-10A6A6F5C7D9}.Installer|Any CPU.Build.0 = Release|Any CPU
		{B0A95516-4B53-4122-94F4-10A6A6F5C7D9}.Installer|x64.ActiveCfg = Release|Any CPU
		{B0A95516-4B53-4122-94F4-10A6A6F5C7D9}.Installer|x64.Build.0 = Release|Any CPU
		{B0A95516-4B53-4122-94F4-10A6A6F5C7D9}.Installer|x86.ActiveCfg = Release|Any CPU
		{B0A95516-4B53-4122-94F4-10A6A6F5C7D9}.Installer|x86.Build.0 = Release|Any CPU
		{B0A95516-4B53-4122-94F4-10A6A6F5C7D9}.Release|Any CPU.ActiveCfg = Release|Any CPU
		{B0A95516-4B53-4122-94F4-10A6A6F5C7D9}.Release|Any CPU.Build.0 = Release|Any CPU
		{B0A95516-4B53-4122-94F4-10A6A6F5C7D9}.Release|x64.ActiveCfg = Release|Any CPU
		{B0A95516-4B53-4122-94F4-10A6A6F5C7D9}.Release|x64.Build.0 = Release|Any CPU
		{B0A95516-4B53-4122-94F4-10A6A6F5C7D9}.Release|x86.ActiveCfg = Release|Any CPU
		{B0A95516-4B53-4122-94F4-10A6A6F5C7D9}.Release|x86.Build.0 = Release|Any CPU
		{B0A95516-4B53-4122-94F4-10A6A6F5C7D9}.UnitTesting|Any CPU.ActiveCfg = Release|Any CPU
		{B0A95516-4B53-4122-94F4-10A6A6F5C7D9}.UnitTesting|Any CPU.Build.0 = Release|Any CPU
		{B0A95516-4B53-4122-94F4-10A6A6F5C7D9}.UnitTesting|x64.ActiveCfg = Release|Any CPU
		{B0A95516-4B53-4122-94F4-10A6A6F5C7D9}.UnitTesting|x64.Build.0 = Release|Any CPU
		{B0A95516-4B53-4122-94F4-10A6A6F5C7D9}.UnitTesting|x86.ActiveCfg = Release|Any CPU
		{B0A95516-4B53-4122-94F4-10A6A6F5C7D9}.UnitTesting|x86.Build.0 = Release|Any CPU
		{6C335658-838C-4283-8C84-466371192DB6}.Debug|Any CPU.ActiveCfg = Debug|Any CPU
		{6C335658-838C-4283-8C84-466371192DB6}.Debug|Any CPU.Build.0 = Debug|Any CPU
		{6C335658-838C-4283-8C84-466371192DB6}.Debug|x64.ActiveCfg = Debug|x64
		{6C335658-838C-4283-8C84-466371192DB6}.Debug|x64.Build.0 = Debug|x64
		{6C335658-838C-4283-8C84-466371192DB6}.Debug|x86.ActiveCfg = Debug|x86
		{6C335658-838C-4283-8C84-466371192DB6}.Debug|x86.Build.0 = Debug|x86
		{6C335658-838C-4283-8C84-466371192DB6}.Installer|Any CPU.ActiveCfg = Debug|Any CPU
		{6C335658-838C-4283-8C84-466371192DB6}.Installer|Any CPU.Build.0 = Debug|Any CPU
		{6C335658-838C-4283-8C84-466371192DB6}.Installer|x64.ActiveCfg = Debug|x64
		{6C335658-838C-4283-8C84-466371192DB6}.Installer|x64.Build.0 = Debug|x64
		{6C335658-838C-4283-8C84-466371192DB6}.Installer|x86.ActiveCfg = Debug|x86
		{6C335658-838C-4283-8C84-466371192DB6}.Installer|x86.Build.0 = Debug|x86
		{6C335658-838C-4283-8C84-466371192DB6}.Release|Any CPU.ActiveCfg = Release|Any CPU
		{6C335658-838C-4283-8C84-466371192DB6}.Release|Any CPU.Build.0 = Release|Any CPU
		{6C335658-838C-4283-8C84-466371192DB6}.Release|x64.ActiveCfg = Release|x64
		{6C335658-838C-4283-8C84-466371192DB6}.Release|x64.Build.0 = Release|x64
		{6C335658-838C-4283-8C84-466371192DB6}.Release|x86.ActiveCfg = Release|x86
		{6C335658-838C-4283-8C84-466371192DB6}.Release|x86.Build.0 = Release|x86
		{6C335658-838C-4283-8C84-466371192DB6}.UnitTesting|Any CPU.ActiveCfg = UnitTesting|Any CPU
		{6C335658-838C-4283-8C84-466371192DB6}.UnitTesting|Any CPU.Build.0 = UnitTesting|Any CPU
		{6C335658-838C-4283-8C84-466371192DB6}.UnitTesting|x64.ActiveCfg = UnitTesting|x64
		{6C335658-838C-4283-8C84-466371192DB6}.UnitTesting|x64.Build.0 = UnitTesting|x64
		{6C335658-838C-4283-8C84-466371192DB6}.UnitTesting|x86.ActiveCfg = UnitTesting|x86
		{6C335658-838C-4283-8C84-466371192DB6}.UnitTesting|x86.Build.0 = UnitTesting|x86
		{539CB1A3-73DF-4EF9-B807-E6AA7D4CDEDB}.Debug|Any CPU.ActiveCfg = Debug
		{539CB1A3-73DF-4EF9-B807-E6AA7D4CDEDB}.Debug|x64.ActiveCfg = Debug
		{539CB1A3-73DF-4EF9-B807-E6AA7D4CDEDB}.Debug|x86.ActiveCfg = Debug
		{539CB1A3-73DF-4EF9-B807-E6AA7D4CDEDB}.Installer|Any CPU.ActiveCfg = Debug
		{539CB1A3-73DF-4EF9-B807-E6AA7D4CDEDB}.Installer|x64.ActiveCfg = Debug
		{539CB1A3-73DF-4EF9-B807-E6AA7D4CDEDB}.Installer|x86.ActiveCfg = Debug
		{539CB1A3-73DF-4EF9-B807-E6AA7D4CDEDB}.Release|Any CPU.ActiveCfg = Release
		{539CB1A3-73DF-4EF9-B807-E6AA7D4CDEDB}.Release|x64.ActiveCfg = Release
		{539CB1A3-73DF-4EF9-B807-E6AA7D4CDEDB}.Release|x86.ActiveCfg = Release
		{539CB1A3-73DF-4EF9-B807-E6AA7D4CDEDB}.UnitTesting|Any CPU.ActiveCfg = Debug
		{539CB1A3-73DF-4EF9-B807-E6AA7D4CDEDB}.UnitTesting|x64.ActiveCfg = Debug
		{539CB1A3-73DF-4EF9-B807-E6AA7D4CDEDB}.UnitTesting|x86.ActiveCfg = Debug
	EndGlobalSection
	GlobalSection(SolutionProperties) = preSolution
		HideSolutionNode = FALSE
	EndGlobalSection
	GlobalSection(ExtensibilityGlobals) = postSolution
		SolutionGuid = {890FA752-0999-4B32-9FBB-705225BA908B}
	EndGlobalSection
EndGlobal
